
Microsoft Visual Studio Solution File, Format Version 12.00
# Visual Studio Version 17
VisualStudioVersion = 17.5.33424.131
MinimumVisualStudioVersion = 10.0.40219.1
Project("{FAE04EC0-301F-11D3-BF4B-00C04F79EFBC}") = "BrowserHistory", "BrowserHistory\BrowserHistory.csproj", "{869696DB-EFD6-4026-90EC-C79FAB794276}"
EndProject
Global
	GlobalSection(SolutionConfigurationPlatforms) = preSolution
		Debug|Any CPU = Debug|Any CPU
		Release|Any CPU = Release|Any CPU
	EndGlobalSection
	GlobalSection(ProjectConfigurationPlatforms) = postSolution
		{869696DB-EFD6-4026-90EC-C79FAB794276}.Debug|Any CPU.ActiveCfg = Debug|Any CPU
		{869696DB-EFD6-4026-90EC-C79FAB794276}.Debug|Any CPU.Build.0 = Debug|Any CPU
		{869696DB-EFD6-4026-90EC-C79FAB794276}.Release|Any CPU.ActiveCfg = Release|Any CPU
		{869696DB-EFD6-4026-90EC-C79FAB794276}.Release|Any CPU.Build.0 = Release|Any CPU
	EndGlobalSection
	GlobalSection(SolutionProperties) = preSolution
		HideSolutionNode = FALSE
	EndGlobalSection
	GlobalSection(ExtensibilityGlobals) = postSolution
		SolutionGuid = {F71593B6-70B5-45C8-8BA9-4FB0C7CBC2A2}
	EndGlobalSection
EndGlobal
